
Microsoft Visual Studio Solution File, Format Version 12.00
# Visual Studio Version 17
VisualStudioVersion = 17.12.35707.178
MinimumVisualStudioVersion = 10.0.40219.1
Project("{FAE04EC0-301F-11D3-BF4B-00C04F79EFBC}") = "GM.WebApi", "GM.WebApi\GM.WebApi.csproj", "{6237588C-437A-4F54-B010-59E98D84C96F}"
EndProject
Project("{2150E333-8FDC-42A3-9474-1A3956D46DE8}") = "01.GM.WebApi", "01.GM.WebApi", "{0D542740-1E2A-4D27-BCE7-182C0CE76BC0}"
EndProject
Project("{2150E333-8FDC-42A3-9474-1A3956D46DE8}") = "02.GM.Manager", "02.GM.Manager", "{A1C3743E-688A-4903-8999-DA8D34EE484E}"
EndProject
Project("{2150E333-8FDC-42A3-9474-1A3956D46DE8}") = "03.GM.Data", "03.GM.Data", "{E032447E-8F95-4820-8220-8931F6EFFE61}"
EndProject
Project("{2150E333-8FDC-42A3-9474-1A3956D46DE8}") = "04.GM.Core", "04.GM.Core", "{FFC1DB99-E934-44D9-B964-B5418780217A}"
EndProject
Project("{2150E333-8FDC-42A3-9474-1A3956D46DE8}") = "05.GM.Tests", "05.GM.Tests", "{BD4D89D2-030A-47C8-8427-3F096F637300}"
EndProject
Project("{FAE04EC0-301F-11D3-BF4B-00C04F79EFBC}") = "GM.Manager", "GM.Manager\GM.Manager.csproj", "{AFDCBD68-5DF3-4026-B5C0-8A6353BD0A81}"
EndProject
Project("{FAE04EC0-301F-11D3-BF4B-00C04F79EFBC}") = "GM.Data", "GM.Data\GM.Data.csproj", "{CA33E18E-580F-4B42-8A17-E312C946D359}"
EndProject
Project("{FAE04EC0-301F-11D3-BF4B-00C04F79EFBC}") = "GM.Core", "GM.Core\GM.Core.csproj", "{D0CD6172-F3B2-4DE4-AC90-7A983FFFFE71}"
EndProject
Project("{FAE04EC0-301F-11D3-BF4B-00C04F79EFBC}") = "GM.Core.Shared", "GM.Core.Shared\GM.Core.Shared.csproj", "{1C66BA68-3DAA-4FE0-AF6D-92344B7A1CD4}"
EndProject
Project("{FAE04EC0-301F-11D3-BF4B-00C04F79EFBC}") = "GM.WebApi.Tests", "GM.WebApi.Tests\GM.WebApi.Tests.csproj", "{C75A2F11-0EE6-4473-BFA2-1BBDC38B91BA}"
EndProject
Project("{FAE04EC0-301F-11D3-BF4B-00C04F79EFBC}") = "GM.FakeData", "GM.FakeData\GM.FakeData.csproj", "{DCFE6489-7910-4288-9D2E-DF29E88B1466}"
EndProject
Global
	GlobalSection(SolutionConfigurationPlatforms) = preSolution
		Debug|Any CPU = Debug|Any CPU
		Release|Any CPU = Release|Any CPU
	EndGlobalSection
	GlobalSection(ProjectConfigurationPlatforms) = postSolution
		{6237588C-437A-4F54-B010-59E98D84C96F}.Debug|Any CPU.ActiveCfg = Debug|Any CPU
		{6237588C-437A-4F54-B010-59E98D84C96F}.Debug|Any CPU.Build.0 = Debug|Any CPU
		{6237588C-437A-4F54-B010-59E98D84C96F}.Release|Any CPU.ActiveCfg = Release|Any CPU
		{6237588C-437A-4F54-B010-59E98D84C96F}.Release|Any CPU.Build.0 = Release|Any CPU
		{AFDCBD68-5DF3-4026-B5C0-8A6353BD0A81}.Debug|Any CPU.ActiveCfg = Debug|Any CPU
		{AFDCBD68-5DF3-4026-B5C0-8A6353BD0A81}.Debug|Any CPU.Build.0 = Debug|Any CPU
		{AFDCBD68-5DF3-4026-B5C0-8A6353BD0A81}.Release|Any CPU.ActiveCfg = Release|Any CPU
		{AFDCBD68-5DF3-4026-B5C0-8A6353BD0A81}.Release|Any CPU.Build.0 = Release|Any CPU
		{CA33E18E-580F-4B42-8A17-E312C946D359}.Debug|Any CPU.ActiveCfg = Debug|Any CPU
		{CA33E18E-580F-4B42-8A17-E312C946D359}.Debug|Any CPU.Build.0 = Debug|Any CPU
		{CA33E18E-580F-4B42-8A17-E312C946D359}.Release|Any CPU.ActiveCfg = Release|Any CPU
		{CA33E18E-580F-4B42-8A17-E312C946D359}.Release|Any CPU.Build.0 = Release|Any CPU
		{D0CD6172-F3B2-4DE4-AC90-7A983FFFFE71}.Debug|Any CPU.ActiveCfg = Debug|Any CPU
		{D0CD6172-F3B2-4DE4-AC90-7A983FFFFE71}.Debug|Any CPU.Build.0 = Debug|Any CPU
		{D0CD6172-F3B2-4DE4-AC90-7A983FFFFE71}.Release|Any CPU.ActiveCfg = Release|Any CPU
		{D0CD6172-F3B2-4DE4-AC90-7A983FFFFE71}.Release|Any CPU.Build.0 = Release|Any CPU
		{1C66BA68-3DAA-4FE0-AF6D-92344B7A1CD4}.Debug|Any CPU.ActiveCfg = Debug|Any CPU
		{1C66BA68-3DAA-4FE0-AF6D-92344B7A1CD4}.Debug|Any CPU.Build.0 = Debug|Any CPU
		{1C66BA68-3DAA-4FE0-AF6D-92344B7A1CD4}.Release|Any CPU.ActiveCfg = Release|Any CPU
		{1C66BA68-3DAA-4FE0-AF6D-92344B7A1CD4}.Release|Any CPU.Build.0 = Release|Any CPU
		{C75A2F11-0EE6-4473-BFA2-1BBDC38B91BA}.Debug|Any CPU.ActiveCfg = Debug|Any CPU
		{C75A2F11-0EE6-4473-BFA2-1BBDC38B91BA}.Debug|Any CPU.Build.0 = Debug|Any CPU
		{C75A2F11-0EE6-4473-BFA2-1BBDC38B91BA}.Release|Any CPU.ActiveCfg = Release|Any CPU
		{C75A2F11-0EE6-4473-BFA2-1BBDC38B91BA}.Release|Any CPU.Build.0 = Release|Any CPU
		{DCFE6489-7910-4288-9D2E-DF29E88B1466}.Debug|Any CPU.ActiveCfg = Debug|Any CPU
		{DCFE6489-7910-4288-9D2E-DF29E88B1466}.Debug|Any CPU.Build.0 = Debug|Any CPU
		{DCFE6489-7910-4288-9D2E-DF29E88B1466}.Release|Any CPU.ActiveCfg = Release|Any CPU
		{DCFE6489-7910-4288-9D2E-DF29E88B1466}.Release|Any CPU.Build.0 = Release|Any CPU
	EndGlobalSection
	GlobalSection(SolutionProperties) = preSolution
		HideSolutionNode = FALSE
	EndGlobalSection
	GlobalSection(NestedProjects) = preSolution
		{6237588C-437A-4F54-B010-59E98D84C96F} = {0D542740-1E2A-4D27-BCE7-182C0CE76BC0}
		{AFDCBD68-5DF3-4026-B5C0-8A6353BD0A81} = {A1C3743E-688A-4903-8999-DA8D34EE484E}
		{CA33E18E-580F-4B42-8A17-E312C946D359} = {E032447E-8F95-4820-8220-8931F6EFFE61}
		{D0CD6172-F3B2-4DE4-AC90-7A983FFFFE71} = {FFC1DB99-E934-44D9-B964-B5418780217A}
		{1C66BA68-3DAA-4FE0-AF6D-92344B7A1CD4} = {FFC1DB99-E934-44D9-B964-B5418780217A}
		{C75A2F11-0EE6-4473-BFA2-1BBDC38B91BA} = {BD4D89D2-030A-47C8-8427-3F096F637300}
		{DCFE6489-7910-4288-9D2E-DF29E88B1466} = {BD4D89D2-030A-47C8-8427-3F096F637300}
	EndGlobalSection
EndGlobal
